
Microsoft Visual Studio Solution File, Format Version 12.00
# Visual Studio Version 17
VisualStudioVersion = 17.0.31903.59
MinimumVisualStudioVersion = 10.0.40219.1
Project("{2150E333-8FDC-42A3-9474-1A3956D46DE8}") = "Tools", "Tools", "{5AE2FDE5-7B90-4B92-AE47-9641A8ED4C62}"
EndProject
Project("{9A19103F-16F7-4668-BE54-9A1E7A4F7556}") = "SampleDataGenerator", "src\tools\SampleDataGenerator\SampleDataGenerator.csproj", "{0E502057-DA9D-4B15-B189-4060FA7B43C2}"
EndProject
Global
	GlobalSection(SolutionConfigurationPlatforms) = preSolution
		Debug|Any CPU = Debug|Any CPU
		Release|Any CPU = Release|Any CPU
	EndGlobalSection
	GlobalSection(ProjectConfigurationPlatforms) = postSolution
		{0E502057-DA9D-4B15-B189-4060FA7B43C2}.Debug|Any CPU.ActiveCfg = Debug|Any CPU
		{0E502057-DA9D-4B15-B189-4060FA7B43C2}.Debug|Any CPU.Build.0 = Debug|Any CPU
		{0E502057-DA9D-4B15-B189-4060FA7B43C2}.Release|Any CPU.ActiveCfg = Release|Any CPU
		{0E502057-DA9D-4B15-B189-4060FA7B43C2}.Release|Any CPU.Build.0 = Release|Any CPU
	EndGlobalSection
	GlobalSection(SolutionProperties) = preSolution
		HideSolutionNode = FALSE
	EndGlobalSection
	GlobalSection(NestedProjects) = preSolution
		{0E502057-DA9D-4B15-B189-4060FA7B43C2} = {5AE2FDE5-7B90-4B92-AE47-9641A8ED4C62}
	EndGlobalSection
	GlobalSection(ExtensibilityGlobals) = postSolution
		SolutionGuid = {6598CCE2-31A4-47AC-A19D-4B74F09C3E75}
	EndGlobalSection
EndGlobal
